// !$*UTF8*$!
{
	archiveVersion = 1;
	classes = {
	};
	objectVersion = 48;
	objects = {

/* Begin PBXBuildFile section */
		3208C80E201A281600D70E42 /* color.txt in Resources */ = {isa = PBXBuildFile; fileRef = 3208C80D201A281600D70E42 /* color.txt */; };
		3208C810201A298C00D70E42 /* color2.txt in Resources */ = {isa = PBXBuildFile; fileRef = 3208C80F201A298C00D70E42 /* color2.txt */; };
		3208C812201A6C5D00D70E42 /* green_color.txt in Resources */ = {isa = PBXBuildFile; fileRef = 3208C811201A6C5D00D70E42 /* green_color.txt */; };
		3232C2F520309031004A16BE /* AdventureCollectionViewCell.swift in Sources */ = {isa = PBXBuildFile; fileRef = 3232C2F420309031004A16BE /* AdventureCollectionViewCell.swift */; };
		326671052023534B00ED5403 /* PMarkTests.swift in Sources */ = {isa = PBXBuildFile; fileRef = 326671042023534B00ED5403 /* PMarkTests.swift */; };
		3266710720260E8F00ED5403 /* JSONMocks.swift in Sources */ = {isa = PBXBuildFile; fileRef = 3266710620260E8F00ED5403 /* JSONMocks.swift */; };
		7164984F1699BD3A33267BFA /* libPods-Adventurlog.a in Frameworks */ = {isa = PBXBuildFile; fileRef = FB0BACC5CD83F0CC759A0341 /* libPods-Adventurlog.a */; };
		BB1B88562016A97A0073AD69 /* Adventure.swift in Sources */ = {isa = PBXBuildFile; fileRef = BB1B88552016A97A0073AD69 /* Adventure.swift */; };
		BB1B885820177EC50073AD69 /* Placemarker.swift in Sources */ = {isa = PBXBuildFile; fileRef = BB1B885720177EC50073AD69 /* Placemarker.swift */; };
		BB1B885C2017A25E0073AD69 /* Podfile in Resources */ = {isa = PBXBuildFile; fileRef = BB1B885B2017A25E0073AD69 /* Podfile */; };
		BB1B885E2017A55F0073AD69 /* MapViewController.swift in Sources */ = {isa = PBXBuildFile; fileRef = BB1B885D2017A55F0073AD69 /* MapViewController.swift */; };
		BB8044482020248400A64AAC /* Styles.swift in Sources */ = {isa = PBXBuildFile; fileRef = BB8044472020248400A64AAC /* Styles.swift */; };
		BB80444C202025EF00A64AAC /* BoatMarkerView.swift in Sources */ = {isa = PBXBuildFile; fileRef = BB80444B202025EF00A64AAC /* BoatMarkerView.swift */; };
		BBA751F020103662001DAFB7 /* AppDelegate.swift in Sources */ = {isa = PBXBuildFile; fileRef = BBA751EF20103662001DAFB7 /* AppDelegate.swift */; };
		BBA751F220103662001DAFB7 /* SearchViewController.swift in Sources */ = {isa = PBXBuildFile; fileRef = BBA751F120103662001DAFB7 /* SearchViewController.swift */; };
		BBA751F520103662001DAFB7 /* Main.storyboard in Resources */ = {isa = PBXBuildFile; fileRef = BBA751F320103662001DAFB7 /* Main.storyboard */; };
		BBA751F820103662001DAFB7 /* Adventurlog.xcdatamodeld in Sources */ = {isa = PBXBuildFile; fileRef = BBA751F620103662001DAFB7 /* Adventurlog.xcdatamodeld */; };
		BBA751FA20103662001DAFB7 /* Assets.xcassets in Resources */ = {isa = PBXBuildFile; fileRef = BBA751F920103662001DAFB7 /* Assets.xcassets */; };
		BBA751FD20103662001DAFB7 /* LaunchScreen.storyboard in Resources */ = {isa = PBXBuildFile; fileRef = BBA751FB20103662001DAFB7 /* LaunchScreen.storyboard */; };
		BBA7520820103662001DAFB7 /* AdventurlogTests.swift in Sources */ = {isa = PBXBuildFile; fileRef = BBA7520720103662001DAFB7 /* AdventurlogTests.swift */; };
		BBA7521320103662001DAFB7 /* AdventurlogUITests.swift in Sources */ = {isa = PBXBuildFile; fileRef = BBA7521220103662001DAFB7 /* AdventurlogUITests.swift */; };
		BBA752252010413E001DAFB7 /* Track.swift in Sources */ = {isa = PBXBuildFile; fileRef = BBA752242010413E001DAFB7 /* Track.swift */; };
		BBA7522720104180001DAFB7 /* QueryService.swift in Sources */ = {isa = PBXBuildFile; fileRef = BBA7522620104180001DAFB7 /* QueryService.swift */; };
		BBA75229201042B8001DAFB7 /* SearchVC+SearchBarDelegate.swift in Sources */ = {isa = PBXBuildFile; fileRef = BBA75228201042B8001DAFB7 /* SearchVC+SearchBarDelegate.swift */; };
		BBA7522B201043FE001DAFB7 /* TrackCell.swift in Sources */ = {isa = PBXBuildFile; fileRef = BBA7522A201043FE001DAFB7 /* TrackCell.swift */; };
		BBA7522D2010442D001DAFB7 /* DownloadService.swift in Sources */ = {isa = PBXBuildFile; fileRef = BBA7522C2010442D001DAFB7 /* DownloadService.swift */; };
/* End PBXBuildFile section */

/* Begin PBXContainerItemProxy section */
		BBA7520420103662001DAFB7 /* PBXContainerItemProxy */ = {
			isa = PBXContainerItemProxy;
			containerPortal = BBA751E420103662001DAFB7 /* Project object */;
			proxyType = 1;
			remoteGlobalIDString = BBA751EB20103662001DAFB7;
			remoteInfo = Adventurlog;
		};
		BBA7520F20103662001DAFB7 /* PBXContainerItemProxy */ = {
			isa = PBXContainerItemProxy;
			containerPortal = BBA751E420103662001DAFB7 /* Project object */;
			proxyType = 1;
			remoteGlobalIDString = BBA751EB20103662001DAFB7;
			remoteInfo = Adventurlog;
		};
/* End PBXContainerItemProxy section */

/* Begin PBXFileReference section */
		3208C80D201A281600D70E42 /* color.txt */ = {isa = PBXFileReference; lastKnownFileType = text; path = color.txt; sourceTree = "<group>"; };
		3208C80F201A298C00D70E42 /* color2.txt */ = {isa = PBXFileReference; lastKnownFileType = text; path = color2.txt; sourceTree = "<group>"; };
		3208C811201A6C5D00D70E42 /* green_color.txt */ = {isa = PBXFileReference; lastKnownFileType = text; path = green_color.txt; sourceTree = "<group>"; };
		3232C2F420309031004A16BE /* AdventureCollectionViewCell.swift */ = {isa = PBXFileReference; lastKnownFileType = sourcecode.swift; path = AdventureCollectionViewCell.swift; sourceTree = "<group>"; };
		326671042023534B00ED5403 /* PMarkTests.swift */ = {isa = PBXFileReference; lastKnownFileType = sourcecode.swift; path = PMarkTests.swift; sourceTree = "<group>"; };
		3266710620260E8F00ED5403 /* JSONMocks.swift */ = {isa = PBXFileReference; lastKnownFileType = sourcecode.swift; path = JSONMocks.swift; sourceTree = "<group>"; };
		62A6A9BA07F88F56B5AF920E /* Pods-Adventurlog.debug.xcconfig */ = {isa = PBXFileReference; includeInIndex = 1; lastKnownFileType = text.xcconfig; name = "Pods-Adventurlog.debug.xcconfig"; path = "Pods/Target Support Files/Pods-Adventurlog/Pods-Adventurlog.debug.xcconfig"; sourceTree = "<group>"; };
		BB1B88552016A97A0073AD69 /* Adventure.swift */ = {isa = PBXFileReference; lastKnownFileType = sourcecode.swift; path = Adventure.swift; sourceTree = "<group>"; };
		BB1B885720177EC50073AD69 /* Placemarker.swift */ = {isa = PBXFileReference; lastKnownFileType = sourcecode.swift; path = Placemarker.swift; sourceTree = "<group>"; };
		BB1B885B2017A25E0073AD69 /* Podfile */ = {isa = PBXFileReference; fileEncoding = 4; lastKnownFileType = text; path = Podfile; sourceTree = "<group>"; xcLanguageSpecificationIdentifier = xcode.lang.ruby; };
		BB1B885D2017A55F0073AD69 /* MapViewController.swift */ = {isa = PBXFileReference; lastKnownFileType = sourcecode.swift; path = MapViewController.swift; sourceTree = "<group>"; };
		BB8044472020248400A64AAC /* Styles.swift */ = {isa = PBXFileReference; fileEncoding = 4; lastKnownFileType = sourcecode.swift; path = Styles.swift; sourceTree = "<group>"; };
		BB80444B202025EF00A64AAC /* BoatMarkerView.swift */ = {isa = PBXFileReference; lastKnownFileType = sourcecode.swift; path = BoatMarkerView.swift; sourceTree = "<group>"; };
		BBA751EC20103662001DAFB7 /* Adventurlog.app */ = {isa = PBXFileReference; explicitFileType = wrapper.application; includeInIndex = 0; path = Adventurlog.app; sourceTree = BUILT_PRODUCTS_DIR; };
		BBA751EF20103662001DAFB7 /* AppDelegate.swift */ = {isa = PBXFileReference; lastKnownFileType = sourcecode.swift; path = AppDelegate.swift; sourceTree = "<group>"; };
		BBA751F120103662001DAFB7 /* SearchViewController.swift */ = {isa = PBXFileReference; lastKnownFileType = sourcecode.swift; path = SearchViewController.swift; sourceTree = "<group>"; };
		BBA751F420103662001DAFB7 /* Base */ = {isa = PBXFileReference; lastKnownFileType = file.storyboard; name = Base; path = Base.lproj/Main.storyboard; sourceTree = "<group>"; };
		BBA751F720103662001DAFB7 /* Adventurlog.xcdatamodel */ = {isa = PBXFileReference; lastKnownFileType = wrapper.xcdatamodel; path = Adventurlog.xcdatamodel; sourceTree = "<group>"; };
		BBA751F920103662001DAFB7 /* Assets.xcassets */ = {isa = PBXFileReference; lastKnownFileType = folder.assetcatalog; path = Assets.xcassets; sourceTree = "<group>"; };
		BBA751FC20103662001DAFB7 /* Base */ = {isa = PBXFileReference; lastKnownFileType = file.storyboard; name = Base; path = Base.lproj/LaunchScreen.storyboard; sourceTree = "<group>"; };
		BBA751FE20103662001DAFB7 /* Info.plist */ = {isa = PBXFileReference; lastKnownFileType = text.plist.xml; path = Info.plist; sourceTree = "<group>"; };
		BBA7520320103662001DAFB7 /* AdventurlogTests.xctest */ = {isa = PBXFileReference; explicitFileType = wrapper.cfbundle; includeInIndex = 0; path = AdventurlogTests.xctest; sourceTree = BUILT_PRODUCTS_DIR; };
		BBA7520720103662001DAFB7 /* AdventurlogTests.swift */ = {isa = PBXFileReference; lastKnownFileType = sourcecode.swift; path = AdventurlogTests.swift; sourceTree = "<group>"; };
		BBA7520920103662001DAFB7 /* Info.plist */ = {isa = PBXFileReference; lastKnownFileType = text.plist.xml; path = Info.plist; sourceTree = "<group>"; };
		BBA7520E20103662001DAFB7 /* AdventurlogUITests.xctest */ = {isa = PBXFileReference; explicitFileType = wrapper.cfbundle; includeInIndex = 0; path = AdventurlogUITests.xctest; sourceTree = BUILT_PRODUCTS_DIR; };
		BBA7521220103662001DAFB7 /* AdventurlogUITests.swift */ = {isa = PBXFileReference; lastKnownFileType = sourcecode.swift; path = AdventurlogUITests.swift; sourceTree = "<group>"; };
		BBA7521420103662001DAFB7 /* Info.plist */ = {isa = PBXFileReference; lastKnownFileType = text.plist.xml; path = Info.plist; sourceTree = "<group>"; };
		BBA752242010413E001DAFB7 /* Track.swift */ = {isa = PBXFileReference; lastKnownFileType = sourcecode.swift; path = Track.swift; sourceTree = "<group>"; };
		BBA7522620104180001DAFB7 /* QueryService.swift */ = {isa = PBXFileReference; lastKnownFileType = sourcecode.swift; path = QueryService.swift; sourceTree = "<group>"; };
		BBA75228201042B8001DAFB7 /* SearchVC+SearchBarDelegate.swift */ = {isa = PBXFileReference; lastKnownFileType = sourcecode.swift; path = "SearchVC+SearchBarDelegate.swift"; sourceTree = "<group>"; };
		BBA7522A201043FE001DAFB7 /* TrackCell.swift */ = {isa = PBXFileReference; lastKnownFileType = sourcecode.swift; path = TrackCell.swift; sourceTree = "<group>"; };
		BBA7522C2010442D001DAFB7 /* DownloadService.swift */ = {isa = PBXFileReference; lastKnownFileType = sourcecode.swift; path = DownloadService.swift; sourceTree = "<group>"; };
		C02E5F90B2C13F2C48144AB9 /* Pods-Adventurlog.release.xcconfig */ = {isa = PBXFileReference; includeInIndex = 1; lastKnownFileType = text.xcconfig; name = "Pods-Adventurlog.release.xcconfig"; path = "Pods/Target Support Files/Pods-Adventurlog/Pods-Adventurlog.release.xcconfig"; sourceTree = "<group>"; };
		FB0BACC5CD83F0CC759A0341 /* libPods-Adventurlog.a */ = {isa = PBXFileReference; explicitFileType = archive.ar; includeInIndex = 0; path = "libPods-Adventurlog.a"; sourceTree = BUILT_PRODUCTS_DIR; };
/* End PBXFileReference section */

/* Begin PBXFrameworksBuildPhase section */
		BBA751E920103662001DAFB7 /* Frameworks */ = {
			isa = PBXFrameworksBuildPhase;
			buildActionMask = 2147483647;
			files = (
				7164984F1699BD3A33267BFA /* libPods-Adventurlog.a in Frameworks */,
			);
			runOnlyForDeploymentPostprocessing = 0;
		};
		BBA7520020103662001DAFB7 /* Frameworks */ = {
			isa = PBXFrameworksBuildPhase;
			buildActionMask = 2147483647;
			files = (
			);
			runOnlyForDeploymentPostprocessing = 0;
		};
		BBA7520B20103662001DAFB7 /* Frameworks */ = {
			isa = PBXFrameworksBuildPhase;
			buildActionMask = 2147483647;
			files = (
			);
			runOnlyForDeploymentPostprocessing = 0;
		};
/* End PBXFrameworksBuildPhase section */

/* Begin PBXGroup section */
		9AEC8EDCC9E0077CE167C47A /* Frameworks */ = {
			isa = PBXGroup;
			children = (
				FB0BACC5CD83F0CC759A0341 /* libPods-Adventurlog.a */,
			);
			name = Frameworks;
			sourceTree = "<group>";
		};
		A5BC06465C94A52624D236E6 /* Pods */ = {
			isa = PBXGroup;
			children = (
				62A6A9BA07F88F56B5AF920E /* Pods-Adventurlog.debug.xcconfig */,
				C02E5F90B2C13F2C48144AB9 /* Pods-Adventurlog.release.xcconfig */,
			);
			name = Pods;
			sourceTree = "<group>";
		};
		BBA751E320103662001DAFB7 = {
			isa = PBXGroup;
			children = (
				3208C811201A6C5D00D70E42 /* green_color.txt */,
				3208C80F201A298C00D70E42 /* color2.txt */,
				3208C80D201A281600D70E42 /* color.txt */,
				BB1B885B2017A25E0073AD69 /* Podfile */,
				BBA751EE20103662001DAFB7 /* Adventurlog */,
				BBA7520620103662001DAFB7 /* AdventurlogTests */,
				BBA7521120103662001DAFB7 /* AdventurlogUITests */,
				BBA751ED20103662001DAFB7 /* Products */,
				A5BC06465C94A52624D236E6 /* Pods */,
				9AEC8EDCC9E0077CE167C47A /* Frameworks */,
			);
			sourceTree = "<group>";
		};
		BBA751ED20103662001DAFB7 /* Products */ = {
			isa = PBXGroup;
			children = (
				BBA751EC20103662001DAFB7 /* Adventurlog.app */,
				BBA7520320103662001DAFB7 /* AdventurlogTests.xctest */,
				BBA7520E20103662001DAFB7 /* AdventurlogUITests.xctest */,
			);
			name = Products;
			sourceTree = "<group>";
		};
		BBA751EE20103662001DAFB7 /* Adventurlog */ = {
			isa = PBXGroup;
			children = (
				BB8044472020248400A64AAC /* Styles.swift */,
				BBA75223201036BA001DAFB7 /* controller */,
				BBA75222201036B0001DAFB7 /* networking */,
				BBA75221201036AA001DAFB7 /* model */,
				BBA75220201036A3001DAFB7 /* view */,
				BBA751EF20103662001DAFB7 /* AppDelegate.swift */,
				BBA751F320103662001DAFB7 /* Main.storyboard */,
				BBA751F920103662001DAFB7 /* Assets.xcassets */,
				BBA751FB20103662001DAFB7 /* LaunchScreen.storyboard */,
				BBA751FE20103662001DAFB7 /* Info.plist */,
				BBA751F620103662001DAFB7 /* Adventurlog.xcdatamodeld */,
				BB80444B202025EF00A64AAC /* BoatMarkerView.swift */,
			);
			path = Adventurlog;
			sourceTree = "<group>";
		};
		BBA7520620103662001DAFB7 /* AdventurlogTests */ = {
			isa = PBXGroup;
			children = (
				BBA7520720103662001DAFB7 /* AdventurlogTests.swift */,
				BBA7520920103662001DAFB7 /* Info.plist */,
				326671042023534B00ED5403 /* PMarkTests.swift */,
				3266710620260E8F00ED5403 /* JSONMocks.swift */,
			);
			path = AdventurlogTests;
			sourceTree = "<group>";
		};
		BBA7521120103662001DAFB7 /* AdventurlogUITests */ = {
			isa = PBXGroup;
			children = (
				BBA7521220103662001DAFB7 /* AdventurlogUITests.swift */,
				BBA7521420103662001DAFB7 /* Info.plist */,
			);
			path = AdventurlogUITests;
			sourceTree = "<group>";
		};
		BBA75220201036A3001DAFB7 /* view */ = {
			isa = PBXGroup;
			children = (
				BBA7522A201043FE001DAFB7 /* TrackCell.swift */,
				3232C2F420309031004A16BE /* AdventureCollectionViewCell.swift */,
			);
			path = view;
			sourceTree = "<group>";
		};
		BBA75221201036AA001DAFB7 /* model */ = {
			isa = PBXGroup;
			children = (
				BBA752242010413E001DAFB7 /* Track.swift */,
				BB1B88552016A97A0073AD69 /* Adventure.swift */,
				BB1B885720177EC50073AD69 /* Placemarker.swift */,
			);
			path = model;
			sourceTree = "<group>";
		};
		BBA75222201036B0001DAFB7 /* networking */ = {
			isa = PBXGroup;
			children = (
				BBA7522620104180001DAFB7 /* QueryService.swift */,
				BBA7522C2010442D001DAFB7 /* DownloadService.swift */,
			);
			path = networking;
			sourceTree = "<group>";
		};
		BBA75223201036BA001DAFB7 /* controller */ = {
			isa = PBXGroup;
			children = (
				BBA751F120103662001DAFB7 /* SearchViewController.swift */,
				BBA75228201042B8001DAFB7 /* SearchVC+SearchBarDelegate.swift */,
				BB1B885D2017A55F0073AD69 /* MapViewController.swift */,
			);
			path = controller;
			sourceTree = "<group>";
		};
/* End PBXGroup section */

/* Begin PBXNativeTarget section */
		BBA751EB20103662001DAFB7 /* Adventurlog */ = {
			isa = PBXNativeTarget;
			buildConfigurationList = BBA7521720103662001DAFB7 /* Build configuration list for PBXNativeTarget "Adventurlog" */;
			buildPhases = (
				AF562E6C1D8C3DB33893F857 /* [CP] Check Pods Manifest.lock */,
				BBA751E820103662001DAFB7 /* Sources */,
				BBA751E920103662001DAFB7 /* Frameworks */,
				BBA751EA20103662001DAFB7 /* Resources */,
				CE7A7201603517ED44087F53 /* [CP] Embed Pods Frameworks */,
				8116238F9DEE8CC80ACF71B1 /* [CP] Copy Pods Resources */,
			);
			buildRules = (
			);
			dependencies = (
			);
			name = Adventurlog;
			productName = Adventurlog;
			productReference = BBA751EC20103662001DAFB7 /* Adventurlog.app */;
			productType = "com.apple.product-type.application";
		};
		BBA7520220103662001DAFB7 /* AdventurlogTests */ = {
			isa = PBXNativeTarget;
			buildConfigurationList = BBA7521A20103662001DAFB7 /* Build configuration list for PBXNativeTarget "AdventurlogTests" */;
			buildPhases = (
				BBA751FF20103662001DAFB7 /* Sources */,
				BBA7520020103662001DAFB7 /* Frameworks */,
				BBA7520120103662001DAFB7 /* Resources */,
			);
			buildRules = (
			);
			dependencies = (
				BBA7520520103662001DAFB7 /* PBXTargetDependency */,
			);
			name = AdventurlogTests;
			productName = AdventurlogTests;
			productReference = BBA7520320103662001DAFB7 /* AdventurlogTests.xctest */;
			productType = "com.apple.product-type.bundle.unit-test";
		};
		BBA7520D20103662001DAFB7 /* AdventurlogUITests */ = {
			isa = PBXNativeTarget;
			buildConfigurationList = BBA7521D20103662001DAFB7 /* Build configuration list for PBXNativeTarget "AdventurlogUITests" */;
			buildPhases = (
				BBA7520A20103662001DAFB7 /* Sources */,
				BBA7520B20103662001DAFB7 /* Frameworks */,
				BBA7520C20103662001DAFB7 /* Resources */,
			);
			buildRules = (
			);
			dependencies = (
				BBA7521020103662001DAFB7 /* PBXTargetDependency */,
			);
			name = AdventurlogUITests;
			productName = AdventurlogUITests;
			productReference = BBA7520E20103662001DAFB7 /* AdventurlogUITests.xctest */;
			productType = "com.apple.product-type.bundle.ui-testing";
		};
/* End PBXNativeTarget section */

/* Begin PBXProject section */
		BBA751E420103662001DAFB7 /* Project object */ = {
			isa = PBXProject;
			attributes = {
				LastSwiftUpdateCheck = 0920;
				LastUpgradeCheck = 0920;
				ORGANIZATIONNAME = "Todd Isaacs";
				TargetAttributes = {
					BBA751EB20103662001DAFB7 = {
						CreatedOnToolsVersion = 9.2;
						ProvisioningStyle = Automatic;
					};
					BBA7520220103662001DAFB7 = {
						CreatedOnToolsVersion = 9.2;
						ProvisioningStyle = Automatic;
						TestTargetID = BBA751EB20103662001DAFB7;
					};
					BBA7520D20103662001DAFB7 = {
						CreatedOnToolsVersion = 9.2;
						ProvisioningStyle = Automatic;
						TestTargetID = BBA751EB20103662001DAFB7;
					};
				};
			};
			buildConfigurationList = BBA751E720103662001DAFB7 /* Build configuration list for PBXProject "Adventurlog" */;
			compatibilityVersion = "Xcode 8.0";
			developmentRegion = en;
			hasScannedForEncodings = 0;
			knownRegions = (
				en,
				Base,
			);
			mainGroup = BBA751E320103662001DAFB7;
			productRefGroup = BBA751ED20103662001DAFB7 /* Products */;
			projectDirPath = "";
			projectRoot = "";
			targets = (
				BBA751EB20103662001DAFB7 /* Adventurlog */,
				BBA7520220103662001DAFB7 /* AdventurlogTests */,
				BBA7520D20103662001DAFB7 /* AdventurlogUITests */,
			);
		};
/* End PBXProject section */

/* Begin PBXResourcesBuildPhase section */
		BBA751EA20103662001DAFB7 /* Resources */ = {
			isa = PBXResourcesBuildPhase;
			buildActionMask = 2147483647;
			files = (
				BBA751FD20103662001DAFB7 /* LaunchScreen.storyboard in Resources */,
				3208C810201A298C00D70E42 /* color2.txt in Resources */,
				BBA751FA20103662001DAFB7 /* Assets.xcassets in Resources */,
				BB1B885C2017A25E0073AD69 /* Podfile in Resources */,
				BBA751F520103662001DAFB7 /* Main.storyboard in Resources */,
				3208C80E201A281600D70E42 /* color.txt in Resources */,
				3208C812201A6C5D00D70E42 /* green_color.txt in Resources */,
			);
			runOnlyForDeploymentPostprocessing = 0;
		};
		BBA7520120103662001DAFB7 /* Resources */ = {
			isa = PBXResourcesBuildPhase;
			buildActionMask = 2147483647;
			files = (
			);
			runOnlyForDeploymentPostprocessing = 0;
		};
		BBA7520C20103662001DAFB7 /* Resources */ = {
			isa = PBXResourcesBuildPhase;
			buildActionMask = 2147483647;
			files = (
			);
			runOnlyForDeploymentPostprocessing = 0;
		};
/* End PBXResourcesBuildPhase section */

/* Begin PBXShellScriptBuildPhase section */
		8116238F9DEE8CC80ACF71B1 /* [CP] Copy Pods Resources */ = {
			isa = PBXShellScriptBuildPhase;
			buildActionMask = 2147483647;
			files = (
			);
			inputPaths = (
				"${SRCROOT}/Pods/Target Support Files/Pods-Adventurlog/Pods-Adventurlog-resources.sh",
				"${PODS_ROOT}/GoogleMaps/Maps/Frameworks/GoogleMaps.framework/Resources/GoogleMaps.bundle",
				"${PODS_ROOT}/GooglePlaces/Frameworks/GooglePlaces.framework/Resources/GooglePlaces.bundle",
			);
			name = "[CP] Copy Pods Resources";
			outputPaths = (
				"${TARGET_BUILD_DIR}/${UNLOCALIZED_RESOURCES_FOLDER_PATH}",
			);
			runOnlyForDeploymentPostprocessing = 0;
			shellPath = /bin/sh;
			shellScript = "\"${SRCROOT}/Pods/Target Support Files/Pods-Adventurlog/Pods-Adventurlog-resources.sh\"\n";
			showEnvVarsInLog = 0;
		};
		AF562E6C1D8C3DB33893F857 /* [CP] Check Pods Manifest.lock */ = {
			isa = PBXShellScriptBuildPhase;
			buildActionMask = 2147483647;
			files = (
			);
			inputPaths = (
				"${PODS_PODFILE_DIR_PATH}/Podfile.lock",
				"${PODS_ROOT}/Manifest.lock",
			);
			name = "[CP] Check Pods Manifest.lock";
			outputPaths = (
				"$(DERIVED_FILE_DIR)/Pods-Adventurlog-checkManifestLockResult.txt",
			);
			runOnlyForDeploymentPostprocessing = 0;
			shellPath = /bin/sh;
			shellScript = "diff \"${PODS_PODFILE_DIR_PATH}/Podfile.lock\" \"${PODS_ROOT}/Manifest.lock\" > /dev/null\nif [ $? != 0 ] ; then\n    # print error to STDERR\n    echo \"error: The sandbox is not in sync with the Podfile.lock. Run 'pod install' or update your CocoaPods installation.\" >&2\n    exit 1\nfi\n# This output is used by Xcode 'outputs' to avoid re-running this script phase.\necho \"SUCCESS\" > \"${SCRIPT_OUTPUT_FILE_0}\"\n";
			showEnvVarsInLog = 0;
		};
		CE7A7201603517ED44087F53 /* [CP] Embed Pods Frameworks */ = {
			isa = PBXShellScriptBuildPhase;
			buildActionMask = 2147483647;
			files = (
			);
			inputPaths = (
			);
			name = "[CP] Embed Pods Frameworks";
			outputPaths = (
			);
			runOnlyForDeploymentPostprocessing = 0;
			shellPath = /bin/sh;
			shellScript = "\"${SRCROOT}/Pods/Target Support Files/Pods-Adventurlog/Pods-Adventurlog-frameworks.sh\"\n";
			showEnvVarsInLog = 0;
		};
/* End PBXShellScriptBuildPhase section */

/* Begin PBXSourcesBuildPhase section */
		BBA751E820103662001DAFB7 /* Sources */ = {
			isa = PBXSourcesBuildPhase;
			buildActionMask = 2147483647;
			files = (
				BBA7522B201043FE001DAFB7 /* TrackCell.swift in Sources */,
				3232C2F520309031004A16BE /* AdventureCollectionViewCell.swift in Sources */,
				BB1B88562016A97A0073AD69 /* Adventure.swift in Sources */,
				BBA7522D2010442D001DAFB7 /* DownloadService.swift in Sources */,
				BB8044482020248400A64AAC /* Styles.swift in Sources */,
				BB1B885820177EC50073AD69 /* Placemarker.swift in Sources */,
				BBA751F220103662001DAFB7 /* SearchViewController.swift in Sources */,
				BB80444C202025EF00A64AAC /* BoatMarkerView.swift in Sources */,
				BBA751F820103662001DAFB7 /* Adventurlog.xcdatamodeld in Sources */,
				BB1B885E2017A55F0073AD69 /* MapViewController.swift in Sources */,
				BBA7522720104180001DAFB7 /* QueryService.swift in Sources */,
				BBA751F020103662001DAFB7 /* AppDelegate.swift in Sources */,
				BBA75229201042B8001DAFB7 /* SearchVC+SearchBarDelegate.swift in Sources */,
				BBA752252010413E001DAFB7 /* Track.swift in Sources */,
			);
			runOnlyForDeploymentPostprocessing = 0;
		};
		BBA751FF20103662001DAFB7 /* Sources */ = {
			isa = PBXSourcesBuildPhase;
			buildActionMask = 2147483647;
			files = (
				BBA7520820103662001DAFB7 /* AdventurlogTests.swift in Sources */,
				326671052023534B00ED5403 /* PMarkTests.swift in Sources */,
				3266710720260E8F00ED5403 /* JSONMocks.swift in Sources */,
			);
			runOnlyForDeploymentPostprocessing = 0;
		};
		BBA7520A20103662001DAFB7 /* Sources */ = {
			isa = PBXSourcesBuildPhase;
			buildActionMask = 2147483647;
			files = (
				BBA7521320103662001DAFB7 /* AdventurlogUITests.swift in Sources */,
			);
			runOnlyForDeploymentPostprocessing = 0;
		};
/* End PBXSourcesBuildPhase section */

/* Begin PBXTargetDependency section */
		BBA7520520103662001DAFB7 /* PBXTargetDependency */ = {
			isa = PBXTargetDependency;
			target = BBA751EB20103662001DAFB7 /* Adventurlog */;
			targetProxy = BBA7520420103662001DAFB7 /* PBXContainerItemProxy */;
		};
		BBA7521020103662001DAFB7 /* PBXTargetDependency */ = {
			isa = PBXTargetDependency;
			target = BBA751EB20103662001DAFB7 /* Adventurlog */;
			targetProxy = BBA7520F20103662001DAFB7 /* PBXContainerItemProxy */;
		};
/* End PBXTargetDependency section */

/* Begin PBXVariantGroup section */
		BBA751F320103662001DAFB7 /* Main.storyboard */ = {
			isa = PBXVariantGroup;
			children = (
				BBA751F420103662001DAFB7 /* Base */,
			);
			name = Main.storyboard;
			sourceTree = "<group>";
		};
		BBA751FB20103662001DAFB7 /* LaunchScreen.storyboard */ = {
			isa = PBXVariantGroup;
			children = (
				BBA751FC20103662001DAFB7 /* Base */,
			);
			name = LaunchScreen.storyboard;
			sourceTree = "<group>";
		};
/* End PBXVariantGroup section */

/* Begin XCBuildConfiguration section */
		BBA7521520103662001DAFB7 /* Debug */ = {
			isa = XCBuildConfiguration;
			buildSettings = {
				ALWAYS_SEARCH_USER_PATHS = NO;
				CLANG_ANALYZER_NONNULL = YES;
				CLANG_ANALYZER_NUMBER_OBJECT_CONVERSION = YES_AGGRESSIVE;
				CLANG_CXX_LANGUAGE_STANDARD = "gnu++14";
				CLANG_CXX_LIBRARY = "libc++";
				CLANG_ENABLE_MODULES = YES;
				CLANG_ENABLE_OBJC_ARC = YES;
				CLANG_WARN_BLOCK_CAPTURE_AUTORELEASING = YES;
				CLANG_WARN_BOOL_CONVERSION = YES;
				CLANG_WARN_COMMA = YES;
				CLANG_WARN_CONSTANT_CONVERSION = YES;
				CLANG_WARN_DIRECT_OBJC_ISA_USAGE = YES_ERROR;
				CLANG_WARN_DOCUMENTATION_COMMENTS = YES;
				CLANG_WARN_EMPTY_BODY = YES;
				CLANG_WARN_ENUM_CONVERSION = YES;
				CLANG_WARN_INFINITE_RECURSION = YES;
				CLANG_WARN_INT_CONVERSION = YES;
				CLANG_WARN_NON_LITERAL_NULL_CONVERSION = YES;
				CLANG_WARN_OBJC_LITERAL_CONVERSION = YES;
				CLANG_WARN_OBJC_ROOT_CLASS = YES_ERROR;
				CLANG_WARN_RANGE_LOOP_ANALYSIS = YES;
				CLANG_WARN_STRICT_PROTOTYPES = YES;
				CLANG_WARN_SUSPICIOUS_MOVE = YES;
				CLANG_WARN_UNGUARDED_AVAILABILITY = YES_AGGRESSIVE;
				CLANG_WARN_UNREACHABLE_CODE = YES;
				CLANG_WARN__DUPLICATE_METHOD_MATCH = YES;
				CODE_SIGN_IDENTITY = "iPhone Developer";
				COPY_PHASE_STRIP = NO;
				DEBUG_INFORMATION_FORMAT = dwarf;
				ENABLE_STRICT_OBJC_MSGSEND = YES;
				ENABLE_TESTABILITY = YES;
				GCC_C_LANGUAGE_STANDARD = gnu11;
				GCC_DYNAMIC_NO_PIC = NO;
				GCC_NO_COMMON_BLOCKS = YES;
				GCC_OPTIMIZATION_LEVEL = 0;
				GCC_PREPROCESSOR_DEFINITIONS = (
					"DEBUG=1",
					"$(inherited)",
				);
				GCC_WARN_64_TO_32_BIT_CONVERSION = YES;
				GCC_WARN_ABOUT_RETURN_TYPE = YES_ERROR;
				GCC_WARN_UNDECLARED_SELECTOR = YES;
				GCC_WARN_UNINITIALIZED_AUTOS = YES_AGGRESSIVE;
				GCC_WARN_UNUSED_FUNCTION = YES;
				GCC_WARN_UNUSED_VARIABLE = YES;
				IPHONEOS_DEPLOYMENT_TARGET = 11.1;
				MTL_ENABLE_DEBUG_INFO = YES;
				ONLY_ACTIVE_ARCH = YES;
				SDKROOT = iphoneos;
				SWIFT_ACTIVE_COMPILATION_CONDITIONS = DEBUG;
				SWIFT_OPTIMIZATION_LEVEL = "-Onone";
			};
			name = Debug;
		};
		BBA7521620103662001DAFB7 /* Release */ = {
			isa = XCBuildConfiguration;
			buildSettings = {
				ALWAYS_SEARCH_USER_PATHS = NO;
				CLANG_ANALYZER_NONNULL = YES;
				CLANG_ANALYZER_NUMBER_OBJECT_CONVERSION = YES_AGGRESSIVE;
				CLANG_CXX_LANGUAGE_STANDARD = "gnu++14";
				CLANG_CXX_LIBRARY = "libc++";
				CLANG_ENABLE_MODULES = YES;
				CLANG_ENABLE_OBJC_ARC = YES;
				CLANG_WARN_BLOCK_CAPTURE_AUTORELEASING = YES;
				CLANG_WARN_BOOL_CONVERSION = YES;
				CLANG_WARN_COMMA = YES;
				CLANG_WARN_CONSTANT_CONVERSION = YES;
				CLANG_WARN_DIRECT_OBJC_ISA_USAGE = YES_ERROR;
				CLANG_WARN_DOCUMENTATION_COMMENTS = YES;
				CLANG_WARN_EMPTY_BODY = YES;
				CLANG_WARN_ENUM_CONVERSION = YES;
				CLANG_WARN_INFINITE_RECURSION = YES;
				CLANG_WARN_INT_CONVERSION = YES;
				CLANG_WARN_NON_LITERAL_NULL_CONVERSION = YES;
				CLANG_WARN_OBJC_LITERAL_CONVERSION = YES;
				CLANG_WARN_OBJC_ROOT_CLASS = YES_ERROR;
				CLANG_WARN_RANGE_LOOP_ANALYSIS = YES;
				CLANG_WARN_STRICT_PROTOTYPES = YES;
				CLANG_WARN_SUSPICIOUS_MOVE = YES;
				CLANG_WARN_UNGUARDED_AVAILABILITY = YES_AGGRESSIVE;
				CLANG_WARN_UNREACHABLE_CODE = YES;
				CLANG_WARN__DUPLICATE_METHOD_MATCH = YES;
				CODE_SIGN_IDENTITY = "iPhone Developer";
				COPY_PHASE_STRIP = NO;
				DEBUG_INFORMATION_FORMAT = "dwarf-with-dsym";
				ENABLE_NS_ASSERTIONS = NO;
				ENABLE_STRICT_OBJC_MSGSEND = YES;
				GCC_C_LANGUAGE_STANDARD = gnu11;
				GCC_NO_COMMON_BLOCKS = YES;
				GCC_WARN_64_TO_32_BIT_CONVERSION = YES;
				GCC_WARN_ABOUT_RETURN_TYPE = YES_ERROR;
				GCC_WARN_UNDECLARED_SELECTOR = YES;
				GCC_WARN_UNINITIALIZED_AUTOS = YES_AGGRESSIVE;
				GCC_WARN_UNUSED_FUNCTION = YES;
				GCC_WARN_UNUSED_VARIABLE = YES;
				IPHONEOS_DEPLOYMENT_TARGET = 11.1;
				MTL_ENABLE_DEBUG_INFO = NO;
				SDKROOT = iphoneos;
				SWIFT_OPTIMIZATION_LEVEL = "-Owholemodule";
				VALIDATE_PRODUCT = YES;
			};
			name = Release;
		};
		BBA7521820103662001DAFB7 /* Debug */ = {
			isa = XCBuildConfiguration;
			baseConfigurationReference = 62A6A9BA07F88F56B5AF920E /* Pods-Adventurlog.debug.xcconfig */;
			buildSettings = {
				ASSETCATALOG_COMPILER_APPICON_NAME = AppIcon;
				"CODE_SIGN_IDENTITY[sdk=iphoneos*]" = "iPhone Developer";
				CODE_SIGN_STYLE = Automatic;
				DEVELOPMENT_TEAM = 9C759Q4CFH;
				INFOPLIST_FILE = Adventurlog/Info.plist;
				IPHONEOS_DEPLOYMENT_TARGET = 11.1;
				LD_RUNPATH_SEARCH_PATHS = "$(inherited) @executable_path/Frameworks";
				PRODUCT_BUNDLE_IDENTIFIER = com.adventurlog.Adventurlog;
				PRODUCT_NAME = "$(TARGET_NAME)";
				PROVISIONING_PROFILE_SPECIFIER = "";
				SWIFT_VERSION = 4.0;
				TARGETED_DEVICE_FAMILY = "1,2";
			};
			name = Debug;
		};
		BBA7521920103662001DAFB7 /* Release */ = {
			isa = XCBuildConfiguration;
			baseConfigurationReference = C02E5F90B2C13F2C48144AB9 /* Pods-Adventurlog.release.xcconfig */;
			buildSettings = {
				ASSETCATALOG_COMPILER_APPICON_NAME = AppIcon;
				"CODE_SIGN_IDENTITY[sdk=iphoneos*]" = "iPhone Developer";
				CODE_SIGN_STYLE = Automatic;
				DEVELOPMENT_TEAM = 9C759Q4CFH;
				INFOPLIST_FILE = Adventurlog/Info.plist;
				IPHONEOS_DEPLOYMENT_TARGET = 11.1;
				LD_RUNPATH_SEARCH_PATHS = "$(inherited) @executable_path/Frameworks";
				PRODUCT_BUNDLE_IDENTIFIER = com.adventurlog.Adventurlog;
				PRODUCT_NAME = "$(TARGET_NAME)";
				PROVISIONING_PROFILE_SPECIFIER = "";
				SWIFT_VERSION = 4.0;
				TARGETED_DEVICE_FAMILY = "1,2";
			};
			name = Release;
		};
		BBA7521B20103662001DAFB7 /* Debug */ = {
			isa = XCBuildConfiguration;
			buildSettings = {
				ALWAYS_EMBED_SWIFT_STANDARD_LIBRARIES = YES;
				BUNDLE_LOADER = "$(TEST_HOST)";
				CODE_SIGN_STYLE = Automatic;
				INFOPLIST_FILE = AdventurlogTests/Info.plist;
				IPHONEOS_DEPLOYMENT_TARGET = 11.1;
				LD_RUNPATH_SEARCH_PATHS = "$(inherited) @executable_path/Frameworks @loader_path/Frameworks";
				PRODUCT_BUNDLE_IDENTIFIER = com.adventurlog.AdventurlogTests;
				PRODUCT_NAME = "$(TARGET_NAME)";
				SWIFT_VERSION = 4.0;
				TARGETED_DEVICE_FAMILY = "1,2";
				TEST_HOST = "$(BUILT_PRODUCTS_DIR)/Adventurlog.app/Adventurlog";
			};
			name = Debug;
		};
		BBA7521C20103662001DAFB7 /* Release */ = {
			isa = XCBuildConfiguration;
			buildSettings = {
				ALWAYS_EMBED_SWIFT_STANDARD_LIBRARIES = YES;
				BUNDLE_LOADER = "$(TEST_HOST)";
				CODE_SIGN_STYLE = Automatic;
				INFOPLIST_FILE = AdventurlogTests/Info.plist;
				IPHONEOS_DEPLOYMENT_TARGET = 11.1;
				LD_RUNPATH_SEARCH_PATHS = "$(inherited) @executable_path/Frameworks @loader_path/Frameworks";
				PRODUCT_BUNDLE_IDENTIFIER = com.adventurlog.AdventurlogTests;
				PRODUCT_NAME = "$(TARGET_NAME)";
				SWIFT_VERSION = 4.0;
				TARGETED_DEVICE_FAMILY = "1,2";
				TEST_HOST = "$(BUILT_PRODUCTS_DIR)/Adventurlog.app/Adventurlog";
			};
			name = Release;
		};
		BBA7521E20103662001DAFB7 /* Debug */ = {
			isa = XCBuildConfiguration;
			buildSettings = {
				ALWAYS_EMBED_SWIFT_STANDARD_LIBRARIES = YES;
				CODE_SIGN_STYLE = Automatic;
				INFOPLIST_FILE = AdventurlogUITests/Info.plist;
				IPHONEOS_DEPLOYMENT_TARGET = 11.1;
				LD_RUNPATH_SEARCH_PATHS = "$(inherited) @executable_path/Frameworks @loader_path/Frameworks";
				PRODUCT_BUNDLE_IDENTIFIER = com.adventurlog.AdventurlogUITests;
				PRODUCT_NAME = "$(TARGET_NAME)";
				SWIFT_VERSION = 4.0;
				TARGETED_DEVICE_FAMILY = "1,2";
				TEST_TARGET_NAME = Adventurlog;
			};
			name = Debug;
		};
		BBA7521F20103662001DAFB7 /* Release */ = {
			isa = XCBuildConfiguration;
			buildSettings = {
				ALWAYS_EMBED_SWIFT_STANDARD_LIBRARIES = YES;
				CODE_SIGN_STYLE = Automatic;
				INFOPLIST_FILE = AdventurlogUITests/Info.plist;
				IPHONEOS_DEPLOYMENT_TARGET = 11.1;
				LD_RUNPATH_SEARCH_PATHS = "$(inherited) @executable_path/Frameworks @loader_path/Frameworks";
				PRODUCT_BUNDLE_IDENTIFIER = com.adventurlog.AdventurlogUITests;
				PRODUCT_NAME = "$(TARGET_NAME)";
				SWIFT_VERSION = 4.0;
				TARGETED_DEVICE_FAMILY = "1,2";
				TEST_TARGET_NAME = Adventurlog;
			};
			name = Release;
		};
/* End XCBuildConfiguration section */

/* Begin XCConfigurationList section */
		BBA751E720103662001DAFB7 /* Build configuration list for PBXProject "Adventurlog" */ = {
			isa = XCConfigurationList;
			buildConfigurations = (
				BBA7521520103662001DAFB7 /* Debug */,
				BBA7521620103662001DAFB7 /* Release */,
			);
			defaultConfigurationIsVisible = 0;
			defaultConfigurationName = Release;
		};
		BBA7521720103662001DAFB7 /* Build configuration list for PBXNativeTarget "Adventurlog" */ = {
			isa = XCConfigurationList;
			buildConfigurations = (
				BBA7521820103662001DAFB7 /* Debug */,
				BBA7521920103662001DAFB7 /* Release */,
			);
			defaultConfigurationIsVisible = 0;
			defaultConfigurationName = Release;
		};
		BBA7521A20103662001DAFB7 /* Build configuration list for PBXNativeTarget "AdventurlogTests" */ = {
			isa = XCConfigurationList;
			buildConfigurations = (
				BBA7521B20103662001DAFB7 /* Debug */,
				BBA7521C20103662001DAFB7 /* Release */,
			);
			defaultConfigurationIsVisible = 0;
			defaultConfigurationName = Release;
		};
		BBA7521D20103662001DAFB7 /* Build configuration list for PBXNativeTarget "AdventurlogUITests" */ = {
			isa = XCConfigurationList;
			buildConfigurations = (
				BBA7521E20103662001DAFB7 /* Debug */,
				BBA7521F20103662001DAFB7 /* Release */,
			);
			defaultConfigurationIsVisible = 0;
			defaultConfigurationName = Release;
		};
/* End XCConfigurationList section */

/* Begin XCVersionGroup section */
		BBA751F620103662001DAFB7 /* Adventurlog.xcdatamodeld */ = {
			isa = XCVersionGroup;
			children = (
				BBA751F720103662001DAFB7 /* Adventurlog.xcdatamodel */,
			);
			currentVersion = BBA751F720103662001DAFB7 /* Adventurlog.xcdatamodel */;
			path = Adventurlog.xcdatamodeld;
			sourceTree = "<group>";
			versionGroupType = wrapper.xcdatamodel;
		};
/* End XCVersionGroup section */
	};
	rootObject = BBA751E420103662001DAFB7 /* Project object */;
}
